
Microsoft Visual Studio Solution File, Format Version 12.00
# Visual Studio Version 17
VisualStudioVersion = 17.10.34916.146
MinimumVisualStudioVersion = 10.0.40219.1
Project("{FAE04EC0-301F-11D3-BF4B-00C04F79EFBC}") = "Drawing Canvas", "Drawing Canvas.csproj", "{0EA567E3-F965-4BC0-AFF6-B2ECE1F8FF4C}"
EndProject
Global
	GlobalSection(SolutionConfigurationPlatforms) = preSolution
		Debug|Any CPU = Debug|Any CPU
		Release|Any CPU = Release|Any CPU
	EndGlobalSection
	GlobalSection(ProjectConfigurationPlatforms) = postSolution
		{0EA567E3-F965-4BC0-AFF6-B2ECE1F8FF4C}.Debug|Any CPU.ActiveCfg = Debug|Any CPU
		{0EA567E3-F965-4BC0-AFF6-B2ECE1F8FF4C}.Debug|Any CPU.Build.0 = Debug|Any CPU
		{0EA567E3-F965-4BC0-AFF6-B2ECE1F8FF4C}.Release|Any CPU.ActiveCfg = Release|Any CPU
		{0EA567E3-F965-4BC0-AFF6-B2ECE1F8FF4C}.Release|Any CPU.Build.0 = Release|Any CPU
	EndGlobalSection
	GlobalSection(SolutionProperties) = preSolution
		HideSolutionNode = FALSE
	EndGlobalSection
	GlobalSection(ExtensibilityGlobals) = postSolution
		SolutionGuid = {02A144C3-0126-4C5B-843E-F80806F24DC7}
	EndGlobalSection
EndGlobal
